// !$*UTF8*$!
{
	archiveVersion = 1;
	classes = {
	};
	objectVersion = 50;
	objects = {

/* Begin PBXBuildFile section */
		60F47A4221F182AC00E0DCB2 /* AppDelegate.swift in Sources */ = {isa = PBXBuildFile; fileRef = 60F47A4121F182AC00E0DCB2 /* AppDelegate.swift */; };
		60F47A4421F182AC00E0DCB2 /* ViewController.swift in Sources */ = {isa = PBXBuildFile; fileRef = 60F47A4321F182AC00E0DCB2 /* ViewController.swift */; };
		60F47A4721F182AC00E0DCB2 /* Main.storyboard in Resources */ = {isa = PBXBuildFile; fileRef = 60F47A4521F182AC00E0DCB2 /* Main.storyboard */; };
		60F47A4921F182AD00E0DCB2 /* Assets.xcassets in Resources */ = {isa = PBXBuildFile; fileRef = 60F47A4821F182AD00E0DCB2 /* Assets.xcassets */; };
		60F47A4C21F182AD00E0DCB2 /* LaunchScreen.storyboard in Resources */ = {isa = PBXBuildFile; fileRef = 60F47A4A21F182AD00E0DCB2 /* LaunchScreen.storyboard */; };
/* End PBXBuildFile section */

/* Begin PBXFileReference section */
		60F47A3E21F182AC00E0DCB2 /* SJCalendar.app */ = {isa = PBXFileReference; explicitFileType = wrapper.application; includeInIndex = 0; path = SJCalendar.app; sourceTree = BUILT_PRODUCTS_DIR; };
		60F47A4121F182AC00E0DCB2 /* AppDelegate.swift */ = {isa = PBXFileReference; lastKnownFileType = sourcecode.swift; path = AppDelegate.swift; sourceTree = "<group>"; };
		60F47A4321F182AC00E0DCB2 /* ViewController.swift */ = {isa = PBXFileReference; lastKnownFileType = sourcecode.swift; path = ViewController.swift; sourceTree = "<group>"; };
		60F47A4621F182AC00E0DCB2 /* Base */ = {isa = PBXFileReference; lastKnownFileType = file.storyboard; name = Base; path = Base.lproj/Main.storyboard; sourceTree = "<group>"; };
		60F47A4821F182AD00E0DCB2 /* Assets.xcassets */ = {isa = PBXFileReference; lastKnownFileType = folder.assetcatalog; path = Assets.xcassets; sourceTree = "<group>"; };
		60F47A4B21F182AD00E0DCB2 /* Base */ = {isa = PBXFileReference; lastKnownFileType = file.storyboard; name = Base; path = Base.lproj/LaunchScreen.storyboard; sourceTree = "<group>"; };
		60F47A4D21F182AD00E0DCB2 /* Info.plist */ = {isa = PBXFileReference; lastKnownFileType = text.plist.xml; path = Info.plist; sourceTree = "<group>"; };
/* End PBXFileReference section */

/* Begin PBXFrameworksBuildPhase section */
		60F47A3B21F182AC00E0DCB2 /* Frameworks */ = {
			isa = PBXFrameworksBuildPhase;
			buildActionMask = 2147483647;
			files = (
			);
			runOnlyForDeploymentPostprocessing = 0;
		};
/* End PBXFrameworksBuildPhase section */

/* Begin PBXGroup section */
		60F47A3521F182AC00E0DCB2 = {
			isa = PBXGroup;
			children = (
				60F47A4021F182AC00E0DCB2 /* SJCalendar */,
				60F47A3F21F182AC00E0DCB2 /* Products */,
			);
			sourceTree = "<group>";
		};
		60F47A3F21F182AC00E0DCB2 /* Products */ = {
			isa = PBXGroup;
			children = (
				60F47A3E21F182AC00E0DCB2 /* SJCalendar.app */,
			);
			name = Products;
			sourceTree = "<group>";
		};
		60F47A4021F182AC00E0DCB2 /* SJCalendar */ = {
			isa = PBXGroup;
			children = (
				60F47A5621F1838100E0DCB2 /* AppDelegate */,
				60F47A5321F1837200E0DCB2 /* Storyboard */,
				60F47A5521F1838000E0DCB2 /* ViewController */,
				60F47A5421F1837E00E0DCB2 /* Supporting */,
			);
			path = SJCalendar;
			sourceTree = "<group>";
		};
		60F47A5321F1837200E0DCB2 /* Storyboard */ = {
			isa = PBXGroup;
			children = (
				60F47A4521F182AC00E0DCB2 /* Main.storyboard */,
				60F47A4A21F182AD00E0DCB2 /* LaunchScreen.storyboard */,
			);
			path = Storyboard;
			sourceTree = "<group>";
		};
		60F47A5421F1837E00E0DCB2 /* Supporting */ = {
			isa = PBXGroup;
			children = (
				60F47A4821F182AD00E0DCB2 /* Assets.xcassets */,
				60F47A4D21F182AD00E0DCB2 /* Info.plist */,
			);
			path = Supporting;
			sourceTree = "<group>";
		};
		60F47A5521F1838000E0DCB2 /* ViewController */ = {
			isa = PBXGroup;
			children = (
				60F47A4321F182AC00E0DCB2 /* ViewController.swift */,
			);
			path = ViewController;
			sourceTree = "<group>";
		};
		60F47A5621F1838100E0DCB2 /* AppDelegate */ = {
			isa = PBXGroup;
			children = (
				60F47A4121F182AC00E0DCB2 /* AppDelegate.swift */,
			);
			path = AppDelegate;
			sourceTree = "<group>";
		};
/* End PBXGroup section */

/* Begin PBXNativeTarget section */
		60F47A3D21F182AC00E0DCB2 /* SJCalendar */ = {
			isa = PBXNativeTarget;
			buildConfigurationList = 60F47A5021F182AD00E0DCB2 /* Build configuration list for PBXNativeTarget "SJCalendar" */;
			buildPhases = (
				60F47A3A21F182AC00E0DCB2 /* Sources */,
				60F47A3B21F182AC00E0DCB2 /* Frameworks */,
				60F47A3C21F182AC00E0DCB2 /* Resources */,
			);
			buildRules = (
			);
			dependencies = (
			);
			name = SJCalendar;
			productName = SJCalendar;
			productReference = 60F47A3E21F182AC00E0DCB2 /* SJCalendar.app */;
			productType = "com.apple.product-type.application";
		};
/* End PBXNativeTarget section */

/* Begin PBXProject section */
		60F47A3621F182AC00E0DCB2 /* Project object */ = {
			isa = PBXProject;
			attributes = {
				LastSwiftUpdateCheck = 1010;
				LastUpgradeCheck = 1010;
				ORGANIZATIONNAME = Byunsangjin;
				TargetAttributes = {
					60F47A3D21F182AC00E0DCB2 = {
						CreatedOnToolsVersion = 10.1;
					};
				};
			};
			buildConfigurationList = 60F47A3921F182AC00E0DCB2 /* Build configuration list for PBXProject "SJCalendar" */;
			compatibilityVersion = "Xcode 9.3";
			developmentRegion = en;
			hasScannedForEncodings = 0;
			knownRegions = (
				en,
				Base,
			);
			mainGroup = 60F47A3521F182AC00E0DCB2;
			productRefGroup = 60F47A3F21F182AC00E0DCB2 /* Products */;
			projectDirPath = "";
			projectRoot = "";
			targets = (
				60F47A3D21F182AC00E0DCB2 /* SJCalendar */,
			);
		};
/* End PBXProject section */

/* Begin PBXResourcesBuildPhase section */
		60F47A3C21F182AC00E0DCB2 /* Resources */ = {
			isa = PBXResourcesBuildPhase;
			buildActionMask = 2147483647;
			files = (
				60F47A4C21F182AD00E0DCB2 /* LaunchScreen.storyboard in Resources */,
				60F47A4921F182AD00E0DCB2 /* Assets.xcassets in Resources */,
				60F47A4721F182AC00E0DCB2 /* Main.storyboard in Resources */,
			);
			runOnlyForDeploymentPostprocessing = 0;
		};
/* End PBXResourcesBuildPhase section */

/* Begin PBXSourcesBuildPhase section */
		60F47A3A21F182AC00E0DCB2 /* Sources */ = {
			isa = PBXSourcesBuildPhase;
			buildActionMask = 2147483647;
			files = (
				60F47A4421F182AC00E0DCB2 /* ViewController.swift in Sources */,
				60F47A4221F182AC00E0DCB2 /* AppDelegate.swift in Sources */,
			);
			runOnlyForDeploymentPostprocessing = 0;
		};
/* End PBXSourcesBuildPhase section */

/* Begin PBXVariantGroup section */
		60F47A4521F182AC00E0DCB2 /* Main.storyboard */ = {
			isa = PBXVariantGroup;
			children = (
				60F47A4621F182AC00E0DCB2 /* Base */,
			);
			name = Main.storyboard;
			sourceTree = "<group>";
		};
		60F47A4A21F182AD00E0DCB2 /* LaunchScreen.storyboard */ = {
			isa = PBXVariantGroup;
			children = (
				60F47A4B21F182AD00E0DCB2 /* Base */,
			);
			name = LaunchScreen.storyboard;
			sourceTree = "<group>";
		};
/* End PBXVariantGroup section */

/* Begin XCBuildConfiguration section */
		60F47A4E21F182AD00E0DCB2 /* Debug */ = {
			isa = XCBuildConfiguration;
			buildSettings = {
				ALWAYS_SEARCH_USER_PATHS = NO;
				CLANG_ANALYZER_NONNULL = YES;
				CLANG_ANALYZER_NUMBER_OBJECT_CONVERSION = YES_AGGRESSIVE;
				CLANG_CXX_LANGUAGE_STANDARD = "gnu++14";
				CLANG_CXX_LIBRARY = "libc++";
				CLANG_ENABLE_MODULES = YES;
				CLANG_ENABLE_OBJC_ARC = YES;
				CLANG_ENABLE_OBJC_WEAK = YES;
				CLANG_WARN_BLOCK_CAPTURE_AUTORELEASING = YES;
				CLANG_WARN_BOOL_CONVERSION = YES;
				CLANG_WARN_COMMA = YES;
				CLANG_WARN_CONSTANT_CONVERSION = YES;
				CLANG_WARN_DEPRECATED_OBJC_IMPLEMENTATIONS = YES;
				CLANG_WARN_DIRECT_OBJC_ISA_USAGE = YES_ERROR;
				CLANG_WARN_DOCUMENTATION_COMMENTS = YES;
				CLANG_WARN_EMPTY_BODY = YES;
				CLANG_WARN_ENUM_CONVERSION = YES;
				CLANG_WARN_INFINITE_RECURSION = YES;
				CLANG_WARN_INT_CONVERSION = YES;
				CLANG_WARN_NON_LITERAL_NULL_CONVERSION = YES;
				CLANG_WARN_OBJC_IMPLICIT_RETAIN_SELF = YES;
				CLANG_WARN_OBJC_LITERAL_CONVERSION = YES;
				CLANG_WARN_OBJC_ROOT_CLASS = YES_ERROR;
				CLANG_WARN_RANGE_LOOP_ANALYSIS = YES;
				CLANG_WARN_STRICT_PROTOTYPES = YES;
				CLANG_WARN_SUSPICIOUS_MOVE = YES;
				CLANG_WARN_UNGUARDED_AVAILABILITY = YES_AGGRESSIVE;
				CLANG_WARN_UNREACHABLE_CODE = YES;
				CLANG_WARN__DUPLICATE_METHOD_MATCH = YES;
				CODE_SIGN_IDENTITY = "iPhone Developer";
				COPY_PHASE_STRIP = NO;
				DEBUG_INFORMATION_FORMAT = dwarf;
				ENABLE_STRICT_OBJC_MSGSEND = YES;
				ENABLE_TESTABILITY = YES;
				GCC_C_LANGUAGE_STANDARD = gnu11;
				GCC_DYNAMIC_NO_PIC = NO;
				GCC_NO_COMMON_BLOCKS = YES;
				GCC_OPTIMIZATION_LEVEL = 0;
				GCC_PREPROCESSOR_DEFINITIONS = (
					"DEBUG=1",
					"$(inherited)",
				);
				GCC_WARN_64_TO_32_BIT_CONVERSION = YES;
				GCC_WARN_ABOUT_RETURN_TYPE = YES_ERROR;
				GCC_WARN_UNDECLARED_SELECTOR = YES;
				GCC_WARN_UNINITIALIZED_AUTOS = YES_AGGRESSIVE;
				GCC_WARN_UNUSED_FUNCTION = YES;
				GCC_WARN_UNUSED_VARIABLE = YES;
				IPHONEOS_DEPLOYMENT_TARGET = 12.1;
				MTL_ENABLE_DEBUG_INFO = INCLUDE_SOURCE;
				MTL_FAST_MATH = YES;
				ONLY_ACTIVE_ARCH = YES;
				SDKROOT = iphoneos;
				SWIFT_ACTIVE_COMPILATION_CONDITIONS = DEBUG;
				SWIFT_OPTIMIZATION_LEVEL = "-Onone";
			};
			name = Debug;
		};
		60F47A4F21F182AD00E0DCB2 /* Release */ = {
			isa = XCBuildConfiguration;
			buildSettings = {
				ALWAYS_SEARCH_USER_PATHS = NO;
				CLANG_ANALYZER_NONNULL = YES;
				CLANG_ANALYZER_NUMBER_OBJECT_CONVERSION = YES_AGGRESSIVE;
				CLANG_CXX_LANGUAGE_STANDARD = "gnu++14";
				CLANG_CXX_LIBRARY = "libc++";
				CLANG_ENABLE_MODULES = YES;
				CLANG_ENABLE_OBJC_ARC = YES;
				CLANG_ENABLE_OBJC_WEAK = YES;
				CLANG_WARN_BLOCK_CAPTURE_AUTORELEASING = YES;
				CLANG_WARN_BOOL_CONVERSION = YES;
				CLANG_WARN_COMMA = YES;
				CLANG_WARN_CONSTANT_CONVERSION = YES;
				CLANG_WARN_DEPRECATED_OBJC_IMPLEMENTATIONS = YES;
				CLANG_WARN_DIRECT_OBJC_ISA_USAGE = YES_ERROR;
				CLANG_WARN_DOCUMENTATION_COMMENTS = YES;
				CLANG_WARN_EMPTY_BODY = YES;
				CLANG_WARN_ENUM_CONVERSION = YES;
				CLANG_WARN_INFINITE_RECURSION = YES;
				CLANG_WARN_INT_CONVERSION = YES;
				CLANG_WARN_NON_LITERAL_NULL_CONVERSION = YES;
				CLANG_WARN_OBJC_IMPLICIT_RETAIN_SELF = YES;
				CLANG_WARN_OBJC_LITERAL_CONVERSION = YES;
				CLANG_WARN_OBJC_ROOT_CLASS = YES_ERROR;
				CLANG_WARN_RANGE_LOOP_ANALYSIS = YES;
				CLANG_WARN_STRICT_PROTOTYPES = YES;
				CLANG_WARN_SUSPICIOUS_MOVE = YES;
				CLANG_WARN_UNGUARDED_AVAILABILITY = YES_AGGRESSIVE;
				CLANG_WARN_UNREACHABLE_CODE = YES;
				CLANG_WARN__DUPLICATE_METHOD_MATCH = YES;
				CODE_SIGN_IDENTITY = "iPhone Developer";
				COPY_PHASE_STRIP = NO;
				DEBUG_INFORMATION_FORMAT = "dwarf-with-dsym";
				ENABLE_NS_ASSERTIONS = NO;
				ENABLE_STRICT_OBJC_MSGSEND = YES;
				GCC_C_LANGUAGE_STANDARD = gnu11;
				GCC_NO_COMMON_BLOCKS = YES;
				GCC_WARN_64_TO_32_BIT_CONVERSION = YES;
				GCC_WARN_ABOUT_RETURN_TYPE = YES_ERROR;
				GCC_WARN_UNDECLARED_SELECTOR = YES;
				GCC_WARN_UNINITIALIZED_AUTOS = YES_AGGRESSIVE;
				GCC_WARN_UNUSED_FUNCTION = YES;
				GCC_WARN_UNUSED_VARIABLE = YES;
				IPHONEOS_DEPLOYMENT_TARGET = 12.1;
				MTL_ENABLE_DEBUG_INFO = NO;
				MTL_FAST_MATH = YES;
				SDKROOT = iphoneos;
				SWIFT_COMPILATION_MODE = wholemodule;
				SWIFT_OPTIMIZATION_LEVEL = "-O";
				VALIDATE_PRODUCT = YES;
			};
			name = Release;
		};
		60F47A5121F182AD00E0DCB2 /* Debug */ = {
			isa = XCBuildConfiguration;
			buildSettings = {
				ASSETCATALOG_COMPILER_APPICON_NAME = AppIcon;
				CODE_SIGN_STYLE = Automatic;
				DEVELOPMENT_TEAM = GN3PLAKW34;
				INFOPLIST_FILE = SJCalendar/Info.plist;
				LD_RUNPATH_SEARCH_PATHS = (
					"$(inherited)",
					"@executable_path/Frameworks",
				);
				PRODUCT_BUNDLE_IDENTIFIER = sjbyun.SJCalendar;
				PRODUCT_NAME = "$(TARGET_NAME)";
				SWIFT_VERSION = 4.2;
				TARGETED_DEVICE_FAMILY = "1,2";
			};
			name = Debug;
		};
		60F47A5221F182AD00E0DCB2 /* Release */ = {
			isa = XCBuildConfiguration;
			buildSettings = {
				ASSETCATALOG_COMPILER_APPICON_NAME = AppIcon;
				CODE_SIGN_STYLE = Automatic;
				DEVELOPMENT_TEAM = GN3PLAKW34;
				INFOPLIST_FILE = SJCalendar/Info.plist;
				LD_RUNPATH_SEARCH_PATHS = (
					"$(inherited)",
					"@executable_path/Frameworks",
				);
				PRODUCT_BUNDLE_IDENTIFIER = sjbyun.SJCalendar;
				PRODUCT_NAME = "$(TARGET_NAME)";
				SWIFT_VERSION = 4.2;
				TARGETED_DEVICE_FAMILY = "1,2";
			};
			name = Release;
		};
/* End XCBuildConfiguration section */

/* Begin XCConfigurationList section */
		60F47A3921F182AC00E0DCB2 /* Build configuration list for PBXProject "SJCalendar" */ = {
			isa = XCConfigurationList;
			buildConfigurations = (
				60F47A4E21F182AD00E0DCB2 /* Debug */,
				60F47A4F21F182AD00E0DCB2 /* Release */,
			);
			defaultConfigurationIsVisible = 0;
			defaultConfigurationName = Release;
		};
		60F47A5021F182AD00E0DCB2 /* Build configuration list for PBXNativeTarget "SJCalendar" */ = {
			isa = XCConfigurationList;
			buildConfigurations = (
				60F47A5121F182AD00E0DCB2 /* Debug */,
				60F47A5221F182AD00E0DCB2 /* Release */,
			);
			defaultConfigurationIsVisible = 0;
			defaultConfigurationName = Release;
		};
/* End XCConfigurationList section */
	};
	rootObject = 60F47A3621F182AC00E0DCB2 /* Project object */;
}
